{
  "version": 4,
  "terraform_version": "0.14.10",
  "serial": 374,
  "lineage": "c9fe0dbf-918f-9622-3a61-a963dde41561",
  "outputs": {
    "user_access_key": {
      "value": "User Access ID/Secret: AKIAUJOYV4432FV227PZ / lNVqnHWaeTMNTq25Dol7eR/UuuEkUiTbBGamCPCz",
      "type": "string"
    }
  },
  "resources": [
    {
      "mode": "data",
      "type": "aws_ami",
      "name": "wp_ami",
      "provider": "provider[\"registry.terraform.io/hashicorp/aws\"]",
      "instances": [
        {
          "schema_version": 0,
          "attributes": {
            "architecture": "x86_64",
            "arn": "arn:aws:ec2:us-east-1::image/ami-0be4740dcfbebb3ee",
            "block_device_mappings": [
              {
                "device_name": "/dev/sda1",
                "ebs": {
                  "delete_on_termination": "true",
                  "encrypted": "false",
                  "iops": "0",
                  "snapshot_id": "snap-0953ebf29f1afd4b2",
                  "throughput": "0",
                  "volume_size": "20",
                  "volume_type": "gp2"
                },
                "no_device": "",
                "virtual_name": ""
              },
              {
                "device_name": "/dev/sdb",
                "ebs": {},
                "no_device": "",
                "virtual_name": "ephemeral0"
              },
              {
                "device_name": "/dev/sdc",
                "ebs": {},
                "no_device": "",
                "virtual_name": "ephemeral1"
              }
            ],
            "creation_date": "2021-07-22T16:59:41.000Z",
            "description": "Canonical, Ubuntu EKS Node OS (k8s_1.18), 20.04 LTS, amd64 focal image build on 2021-07-20",
            "ena_support": true,
            "executable_users": null,
            "filter": [
              {
                "name": "root-device-type",
                "values": [
                  "ebs"
                ]
              },
              {
                "name": "virtualization-type",
                "values": [
                  "hvm"
                ]
              }
            ],
            "hypervisor": "xen",
            "id": "ami-0be4740dcfbebb3ee",
            "image_id": "ami-0be4740dcfbebb3ee",
            "image_location": "099720109477/ubuntu-eks/k8s_1.18/images/hvm-ssd/ubuntu-focal-20.04-amd64-server-20210720",
            "image_owner_alias": null,
            "image_type": "machine",
            "kernel_id": null,
            "most_recent": true,
            "name": "ubuntu-eks/k8s_1.18/images/hvm-ssd/ubuntu-focal-20.04-amd64-server-20210720",
            "name_regex": "^.*ubuntu-focal-20.04-amd64-server-.*",
            "owner_id": "099720109477",
            "owners": [
              "099720109477"
            ],
            "platform": null,
            "platform_details": "Linux/UNIX",
            "product_codes": [],
            "public": true,
            "ramdisk_id": null,
            "root_device_name": "/dev/sda1",
            "root_device_type": "ebs",
            "root_snapshot_id": "snap-0953ebf29f1afd4b2",
            "sriov_net_support": "simple",
            "state": "available",
            "state_reason": {
              "code": "UNSET",
              "message": "UNSET"
            },
            "tags": {},
            "usage_operation": "RunInstances",
            "virtualization_type": "hvm"
          },
          "sensitive_attributes": []
        }
      ]
    },
    {
      "mode": "data",
      "type": "aws_availability_zones",
      "name": "available",
      "provider": "provider[\"registry.terraform.io/hashicorp/aws\"]",
      "instances": [
        {
          "schema_version": 0,
          "attributes": {
            "all_availability_zones": null,
            "exclude_names": null,
            "exclude_zone_ids": null,
            "filter": null,
            "group_names": [
              "us-east-1"
            ],
            "id": "us-east-1",
            "names": [
              "us-east-1a",
              "us-east-1b",
              "us-east-1c",
              "us-east-1d",
              "us-east-1e",
              "us-east-1f"
            ],
            "state": null,
            "zone_ids": [
              "use1-az6",
              "use1-az1",
              "use1-az2",
              "use1-az4",
              "use1-az3",
              "use1-az5"
            ]
          },
          "sensitive_attributes": []
        }
      ]
    },
    {
      "mode": "data",
      "type": "aws_iam_policy_document",
      "name": "orch_policy",
      "provider": "provider[\"registry.terraform.io/hashicorp/aws\"]",
      "instances": [
        {
          "schema_version": 0,
          "attributes": {
            "id": "1233014069",
            "json": "{\n  \"Version\": \"2012-10-17\",\n  \"Statement\": [\n    {\n      \"Sid\": \"Orchestrator\",\n      \"Effect\": \"Allow\",\n      \"Action\": [\n        \"rds:Describe*\",\n        \"lambda:GetFunction\",\n        \"elasticfilesystem:Describe*\",\n        \"ecs:List*\",\n        \"ecs:Describe*\",\n        \"ec2:Describe*\"\n      ],\n      \"Resource\": \"*\"\n    },\n    {\n      \"Sid\": \"VPCLogs\",\n      \"Effect\": \"Allow\",\n      \"Action\": [\n        \"logs:List*\",\n        \"logs:Get*\",\n        \"logs:FilterLogEvents\",\n        \"logs:Describe*\"\n      ],\n      \"Resource\": \"arn:aws:logs:us-east-1:295196550967:log-group:flows-jBi4Imx6zy:*\"\n    }\n  ]\n}",
            "override_json": null,
            "override_policy_documents": null,
            "policy_id": null,
            "source_json": null,
            "source_policy_documents": null,
            "statement": [
              {
                "actions": [
                  "ec2:Describe*",
                  "ecs:Describe*",
                  "ecs:List*",
                  "elasticfilesystem:Describe*",
                  "lambda:GetFunction",
                  "rds:Describe*"
                ],
                "condition": [],
                "effect": "Allow",
                "not_actions": [],
                "not_principals": [],
                "not_resources": [],
                "principals": [],
                "resources": [
                  "*"
                ],
                "sid": "Orchestrator"
              },
              {
                "actions": [
                  "logs:Describe*",
                  "logs:FilterLogEvents",
                  "logs:Get*",
                  "logs:List*"
                ],
                "condition": [],
                "effect": "Allow",
                "not_actions": [],
                "not_principals": [],
                "not_resources": [],
                "principals": [],
                "resources": [
                  "arn:aws:logs:us-east-1:295196550967:log-group:flows-jBi4Imx6zy:*"
                ],
                "sid": "VPCLogs"
              }
            ],
            "version": "2012-10-17"
          },
          "sensitive_attributes": []
        }
      ]
    },
    {
      "mode": "data",
      "type": "aws_iam_policy_document",
      "name": "vpc_flows_role_policy",
      "provider": "provider[\"registry.terraform.io/hashicorp/aws\"]",
      "instances": [
        {
          "schema_version": 0,
          "attributes": {
            "id": "503601779",
            "json": "{\n  \"Version\": \"2012-10-17\",\n  \"Statement\": [\n    {\n      \"Sid\": \"VPCLogsGenerator\",\n      \"Effect\": \"Allow\",\n      \"Action\": [\n        \"logs:PutLogEvents\",\n        \"logs:DescribeLogStreams\",\n        \"logs:DescribeLogGroups\",\n        \"logs:CreateLogStream\"\n      ],\n      \"Resource\": [\n        \"arn:aws:logs:us-east-1:295196550967:log-group:flows-jBi4Imx6zy:*\",\n        \"arn:aws:logs:us-east-1:295196550967:log-group:flows-jBi4Imx6zy\"\n      ]\n    }\n  ]\n}",
            "override_json": null,
            "override_policy_documents": null,
            "policy_id": null,
            "source_json": null,
            "source_policy_documents": null,
            "statement": [
              {
                "actions": [
                  "logs:CreateLogStream",
                  "logs:DescribeLogGroups",
                  "logs:DescribeLogStreams",
                  "logs:PutLogEvents"
                ],
                "condition": [],
                "effect": "Allow",
                "not_actions": [],
                "not_principals": [],
                "not_resources": [],
                "principals": [],
                "resources": [
                  "arn:aws:logs:us-east-1:295196550967:log-group:flows-jBi4Imx6zy",
                  "arn:aws:logs:us-east-1:295196550967:log-group:flows-jBi4Imx6zy:*"
                ],
                "sid": "VPCLogsGenerator"
              }
            ],
            "version": "2012-10-17"
          },
          "sensitive_attributes": []
        }
      ]
    },
    {
      "mode": "managed",
      "type": "aws_autoscaling_group",
      "name": "ag_wp",
      "provider": "provider[\"registry.terraform.io/hashicorp/aws\"]",
      "instances": [
        {
          "schema_version": 0,
          "attributes": {
            "arn": "arn:aws:autoscaling:us-east-1:295196550967:autoScalingGroup:6a80c930-5dc1-4cee-af10-fabbb59a719d:autoScalingGroupName/agjBi4Imx6zy",
            "availability_zones": [
              "us-east-1a",
              "us-east-1b"
            ],
            "capacity_rebalance": false,
            "default_cooldown": 300,
            "desired_capacity": 2,
            "enabled_metrics": [],
            "force_delete": false,
            "force_delete_warm_pool": false,
            "health_check_grace_period": 300,
            "health_check_type": "EC2",
            "id": "agjBi4Imx6zy",
            "initial_lifecycle_hook": [],
            "instance_refresh": [],
            "launch_configuration": "ltjBi4Imx6zy20210802130542275600000006",
            "launch_template": [],
            "load_balancers": [],
            "max_instance_lifetime": 0,
            "max_size": 4,
            "metrics_granularity": "1Minute",
            "min_elb_capacity": null,
            "min_size": 2,
            "mixed_instances_policy": [],
            "name": "agjBi4Imx6zy",
            "name_prefix": "",
            "placement_group": "",
            "protect_from_scale_in": false,
            "service_linked_role_arn": "arn:aws:iam::295196550967:role/aws-service-role/autoscaling.amazonaws.com/AWSServiceRoleForAutoScaling",
            "suspended_processes": [],
            "tag": [
              {
                "key": "Lab-ID",
                "propagate_at_launch": true,
                "value": "jBi4Imx6zy"
              },
              {
                "key": "Name",
                "propagate_at_launch": true,
                "value": "webserver-jBi4Imx6zy"
              }
            ],
            "tags": null,
            "target_group_arns": [
              "arn:aws:elasticloadbalancing:us-east-1:295196550967:targetgroup/tgjBi4Imx6zy/1071e309ec648b30"
            ],
            "termination_policies": [],
            "timeouts": null,
            "vpc_zone_identifier": [
              "subnet-0522bf410ee81d3c9",
              "subnet-0de894131baf195dc"
            ],
            "wait_for_capacity_timeout": "10m",
            "wait_for_elb_capacity": null,
            "warm_pool": []
          },
          "sensitive_attributes": [],
          "private": "eyJlMmJmYjczMC1lY2FhLTExZTYtOGY4OC0zNDM2M2JjN2M0YzAiOnsiZGVsZXRlIjo2MDAwMDAwMDAwMDB9fQ==",
          "dependencies": [
            "aws_db_instance.db",
            "aws_db_subnet_group.sg",
            "aws_key_pair.kp",
            "aws_launch_configuration.lc_wp",
            "aws_lb.web",
            "aws_lb_target_group.tg",
            "aws_security_group.db",
            "aws_security_group.lb",
            "aws_security_group.web_server",
            "data.aws_ami.wp_ami",
            "data.aws_availability_zones.available",
            "module.vpc.aws_subnet.private",
            "module.vpc.aws_subnet.public",
            "module.vpc.aws_vpc.this",
            "module.vpc.aws_vpc_ipv4_cidr_block_association.this",
            "random_string.lab_id"
          ]
        }
      ]
    },
    {
      "mode": "managed",
      "type": "aws_cloudwatch_log_group",
      "name": "vpc_flows",
      "provider": "provider[\"registry.terraform.io/hashicorp/aws\"]",
      "instances": [
        {
          "schema_version": 0,
          "attributes": {
            "arn": "arn:aws:logs:us-east-1:295196550967:log-group:flows-jBi4Imx6zy",
            "id": "flows-jBi4Imx6zy",
            "kms_key_id": "",
            "name": "flows-jBi4Imx6zy",
            "name_prefix": null,
            "retention_in_days": 7,
            "tags": {},
            "tags_all": {}
          },
          "sensitive_attributes": [],
          "private": "bnVsbA==",
          "dependencies": [
            "random_string.lab_id"
          ]
        }
      ]
    },
    {
      "mode": "managed",
      "type": "aws_db_instance",
      "name": "db",
      "provider": "provider[\"registry.terraform.io/hashicorp/aws\"]",
      "instances": [
        {
          "schema_version": 1,
          "attributes": {
            "address": "dbjbi4imx6zy.cka7deqm0vie.us-east-1.rds.amazonaws.com",
            "allocated_storage": 10,
            "allow_major_version_upgrade": null,
            "apply_immediately": null,
            "arn": "arn:aws:rds:us-east-1:295196550967:db:dbjbi4imx6zy",
            "auto_minor_version_upgrade": true,
            "availability_zone": "us-east-1a",
            "backup_retention_period": 0,
            "backup_window": "04:41-05:11",
            "ca_cert_identifier": "rds-ca-2019",
            "character_set_name": null,
            "copy_tags_to_snapshot": false,
            "db_subnet_group_name": "sng-jbi4imx6zy",
            "delete_automated_backups": true,
            "deletion_protection": false,
            "domain": "",
            "domain_iam_role_name": "",
            "enabled_cloudwatch_logs_exports": [],
            "endpoint": "dbjbi4imx6zy.cka7deqm0vie.us-east-1.rds.amazonaws.com:3306",
            "engine": "mysql",
            "engine_version": "5.7.33",
            "final_snapshot_identifier": null,
            "hosted_zone_id": "Z2R2ITUGPM61AM",
            "iam_database_authentication_enabled": false,
            "id": "dbjbi4imx6zy",
            "identifier": "dbjbi4imx6zy",
            "identifier_prefix": null,
            "instance_class": "db.t2.micro",
            "iops": 0,
            "kms_key_id": "",
            "latest_restorable_time": "0001-01-01T00:00:00Z",
            "license_model": "general-public-license",
            "maintenance_window": "sat:06:19-sat:06:49",
            "max_allocated_storage": 0,
            "monitoring_interval": 0,
            "monitoring_role_arn": "",
            "multi_az": true,
            "name": "dbjBi4Imx6zy",
            "option_group_name": "default:mysql-5-7",
            "parameter_group_name": "default.mysql5.7",
            "password": "jBi4Imx6zy",
            "performance_insights_enabled": false,
            "performance_insights_kms_key_id": "",
            "performance_insights_retention_period": 0,
            "port": 3306,
            "publicly_accessible": false,
            "replicas": [],
            "replicate_source_db": "",
            "resource_id": "db-5XPRP54EZTKD2NNJFNPDA2UPPA",
            "restore_to_point_in_time": [],
            "s3_import": [],
            "security_group_names": [],
            "skip_final_snapshot": true,
            "snapshot_identifier": null,
            "status": "available",
            "storage_encrypted": false,
            "storage_type": "gp2",
            "tags": {
              "Lab-ID": "jBi4Imx6zy",
              "Name": "dbjBi4Imx6zy"
            },
            "tags_all": {
              "Lab-ID": "jBi4Imx6zy",
              "Name": "dbjBi4Imx6zy"
            },
            "timeouts": null,
            "timezone": "",
            "username": "admin",
            "vpc_security_group_ids": [
              "sg-0e98560c659abee2b"
            ]
          },
          "sensitive_attributes": [],
          "private": "eyJlMmJmYjczMC1lY2FhLTExZTYtOGY4OC0zNDM2M2JjN2M0YzAiOnsiY3JlYXRlIjoyNDAwMDAwMDAwMDAwLCJkZWxldGUiOjM2MDAwMDAwMDAwMDAsInVwZGF0ZSI6NDgwMDAwMDAwMDAwMH0sInNjaGVtYV92ZXJzaW9uIjoiMSJ9",
          "dependencies": [
            "aws_db_subnet_group.sg",
            "aws_security_group.db",
            "aws_security_group.web_server",
            "data.aws_availability_zones.available",
            "module.vpc.aws_subnet.private",
            "module.vpc.aws_vpc.this",
            "module.vpc.aws_vpc_ipv4_cidr_block_association.this",
            "random_string.lab_id"
          ],
          "create_before_destroy": true
        }
      ]
    },
    {
      "mode": "managed",
      "type": "aws_db_subnet_group",
      "name": "sg",
      "provider": "provider[\"registry.terraform.io/hashicorp/aws\"]",
      "instances": [
        {
          "schema_version": 0,
          "attributes": {
            "arn": "arn:aws:rds:us-east-1:295196550967:subgrp:sng-jbi4imx6zy",
            "description": "Managed by Terraform",
            "id": "sng-jbi4imx6zy",
            "name": "sng-jbi4imx6zy",
            "name_prefix": null,
            "subnet_ids": [
              "subnet-09950037b157f82c1",
              "subnet-0b85a1d31788fa19c"
            ],
            "tags": {
              "Lab-ID": "jBi4Imx6zy",
              "Name": "sng-jBi4Imx6zy"
            },
            "tags_all": {
              "Lab-ID": "jBi4Imx6zy",
              "Name": "sng-jBi4Imx6zy"
            }
          },
          "sensitive_attributes": [],
          "private": "bnVsbA==",
          "dependencies": [
            "data.aws_availability_zones.available",
            "module.vpc.aws_subnet.private",
            "module.vpc.aws_vpc.this",
            "module.vpc.aws_vpc_ipv4_cidr_block_association.this",
            "random_string.lab_id"
          ],
          "create_before_destroy": true
        }
      ]
    },
    {
      "mode": "managed",
      "type": "aws_flow_log",
      "name": "gc_lab",
      "provider": "provider[\"registry.terraform.io/hashicorp/aws\"]",
      "instances": [
        {
          "schema_version": 0,
          "attributes": {
            "arn": "arn:aws:ec2:us-east-1:295196550967:vpc-flow-log/fl-0412592747cf0ac10",
            "eni_id": null,
            "iam_role_arn": "arn:aws:iam::295196550967:role/role-jBi4Imx6zy",
            "id": "fl-0412592747cf0ac10",
            "log_destination": "arn:aws:logs:us-east-1:295196550967:log-group:flows-jBi4Imx6zy",
            "log_destination_type": "cloud-watch-logs",
            "log_format": "${version} ${account-id} ${vpc-id} ${interface-id} ${type} ${srcaddr} ${dstaddr} ${srcport} ${dstport} ${protocol} ${tcp-flags} ${action} ${log-status}",
            "log_group_name": "flows-jBi4Imx6zy",
            "max_aggregation_interval": 60,
            "subnet_id": null,
            "tags": {},
            "tags_all": {},
            "traffic_type": "ALL",
            "vpc_id": "vpc-0d342a299d04f5dd4"
          },
          "sensitive_attributes": [],
          "private": "bnVsbA==",
          "dependencies": [
            "aws_cloudwatch_log_group.vpc_flows",
            "aws_iam_role.vpc_flows_role",
            "module.vpc.aws_vpc.this",
            "random_string.lab_id"
          ]
        }
      ]
    },
    {
      "mode": "managed",
      "type": "aws_iam_access_key",
      "name": "orch_user",
      "provider": "provider[\"registry.terraform.io/hashicorp/aws\"]",
      "instances": [
        {
          "schema_version": 0,
          "attributes": {
            "create_date": "2021-08-02T12:51:05Z",
            "encrypted_secret": null,
            "encrypted_ses_smtp_password_v4": null,
            "id": "AKIAUJOYV4432FV227PZ",
            "key_fingerprint": null,
            "pgp_key": null,
            "secret": "lNVqnHWaeTMNTq25Dol7eR/UuuEkUiTbBGamCPCz",
            "ses_smtp_password_v4": "BA+bMJ6GXhMKw2HhcrC6nKYtoFPDr1OnM6w4EA8QzluM",
            "status": "Active",
            "user": "user-jBi4Imx6zy"
          },
          "sensitive_attributes": [],
          "private": "bnVsbA==",
          "dependencies": [
            "aws_iam_user.orch_user",
            "random_string.lab_id"
          ]
        }
      ]
    },
    {
      "mode": "managed",
      "type": "aws_iam_policy",
      "name": "orch_policy",
      "provider": "provider[\"registry.terraform.io/hashicorp/aws\"]",
      "instances": [
        {
          "schema_version": 0,
          "attributes": {
            "arn": "arn:aws:iam::295196550967:policy/pol-jBi4Imx6zy",
            "description": "",
            "id": "arn:aws:iam::295196550967:policy/pol-jBi4Imx6zy",
            "name": "pol-jBi4Imx6zy",
            "name_prefix": null,
            "path": "/",
            "policy": "{\n  \"Version\": \"2012-10-17\",\n  \"Statement\": [\n    {\n      \"Sid\": \"Orchestrator\",\n      \"Effect\": \"Allow\",\n      \"Action\": [\n        \"rds:Describe*\",\n        \"lambda:GetFunction\",\n        \"elasticfilesystem:Describe*\",\n        \"ecs:List*\",\n        \"ecs:Describe*\",\n        \"ec2:Describe*\"\n      ],\n      \"Resource\": \"*\"\n    },\n    {\n      \"Sid\": \"VPCLogs\",\n      \"Effect\": \"Allow\",\n      \"Action\": [\n        \"logs:List*\",\n        \"logs:Get*\",\n        \"logs:FilterLogEvents\",\n        \"logs:Describe*\"\n      ],\n      \"Resource\": \"arn:aws:logs:us-east-1:295196550967:log-group:flows-jBi4Imx6zy:*\"\n    }\n  ]\n}",
            "policy_id": "ANPAUJOYV443V74JQU2M7",
            "tags": {},
            "tags_all": {}
          },
          "sensitive_attributes": [],
          "private": "bnVsbA==",
          "dependencies": [
            "aws_cloudwatch_log_group.vpc_flows",
            "data.aws_iam_policy_document.orch_policy",
            "random_string.lab_id"
          ]
        }
      ]
    },
    {
      "mode": "managed",
      "type": "aws_iam_policy",
      "name": "vpc_flows_role_policy",
      "provider": "provider[\"registry.terraform.io/hashicorp/aws\"]",
      "instances": [
        {
          "schema_version": 0,
          "attributes": {
            "arn": "arn:aws:iam::295196550967:policy/rolepol-jBi4Imx6zy",
            "description": "",
            "id": "arn:aws:iam::295196550967:policy/rolepol-jBi4Imx6zy",
            "name": "rolepol-jBi4Imx6zy",
            "name_prefix": null,
            "path": "/",
            "policy": "{\n  \"Version\": \"2012-10-17\",\n  \"Statement\": [\n    {\n      \"Sid\": \"VPCLogsGenerator\",\n      \"Effect\": \"Allow\",\n      \"Action\": [\n        \"logs:PutLogEvents\",\n        \"logs:DescribeLogStreams\",\n        \"logs:DescribeLogGroups\",\n        \"logs:CreateLogStream\"\n      ],\n      \"Resource\": [\n        \"arn:aws:logs:us-east-1:295196550967:log-group:flows-jBi4Imx6zy:*\",\n        \"arn:aws:logs:us-east-1:295196550967:log-group:flows-jBi4Imx6zy\"\n      ]\n    }\n  ]\n}",
            "policy_id": "ANPAUJOYV4433ORH5R2WL",
            "tags": {},
            "tags_all": {}
          },
          "sensitive_attributes": [],
          "private": "bnVsbA==",
          "dependencies": [
            "aws_cloudwatch_log_group.vpc_flows",
            "data.aws_iam_policy_document.vpc_flows_role_policy",
            "random_string.lab_id"
          ]
        }
      ]
    },
    {
      "mode": "managed",
      "type": "aws_iam_role",
      "name": "vpc_flows_role",
      "provider": "provider[\"registry.terraform.io/hashicorp/aws\"]",
      "instances": [
        {
          "schema_version": 0,
          "attributes": {
            "arn": "arn:aws:iam::295196550967:role/role-jBi4Imx6zy",
            "assume_role_policy": "{\"Version\":\"2012-10-17\",\"Statement\":[{\"Sid\":\"\",\"Effect\":\"Allow\",\"Principal\":{\"Service\":\"vpc-flow-logs.amazonaws.com\"},\"Action\":\"sts:AssumeRole\"}]}",
            "create_date": "2021-08-02T12:51:04Z",
            "description": "",
            "force_detach_policies": false,
            "id": "role-jBi4Imx6zy",
            "inline_policy": [
              {
                "name": "",
                "policy": ""
              }
            ],
            "managed_policy_arns": [
              "arn:aws:iam::295196550967:policy/rolepol-jBi4Imx6zy"
            ],
            "max_session_duration": 3600,
            "name": "role-jBi4Imx6zy",
            "name_prefix": null,
            "path": "/",
            "permissions_boundary": null,
            "tags": {},
            "tags_all": {},
            "unique_id": "AROAUJOYV443W5HSCBIEH"
          },
          "sensitive_attributes": [],
          "private": "bnVsbA==",
          "dependencies": [
            "random_string.lab_id"
          ]
        }
      ]
    },
    {
      "mode": "managed",
      "type": "aws_iam_role_policy_attachment",
      "name": "role_attach",
      "provider": "provider[\"registry.terraform.io/hashicorp/aws\"]",
      "instances": [
        {
          "schema_version": 0,
          "attributes": {
            "id": "role-jBi4Imx6zy-20210802125109696700000001",
            "policy_arn": "arn:aws:iam::295196550967:policy/rolepol-jBi4Imx6zy",
            "role": "role-jBi4Imx6zy"
          },
          "sensitive_attributes": [],
          "private": "bnVsbA==",
          "dependencies": [
            "aws_cloudwatch_log_group.vpc_flows",
            "aws_iam_policy.vpc_flows_role_policy",
            "aws_iam_role.vpc_flows_role",
            "data.aws_iam_policy_document.vpc_flows_role_policy",
            "random_string.lab_id"
          ]
        }
      ]
    },
    {
      "mode": "managed",
      "type": "aws_iam_user",
      "name": "orch_user",
      "provider": "provider[\"registry.terraform.io/hashicorp/aws\"]",
      "instances": [
        {
          "schema_version": 0,
          "attributes": {
            "arn": "arn:aws:iam::295196550967:user/user-jBi4Imx6zy",
            "force_destroy": false,
            "id": "user-jBi4Imx6zy",
            "name": "user-jBi4Imx6zy",
            "path": "/",
            "permissions_boundary": null,
            "tags": {
              "Description": "Guardicore Orchestrator User",
              "Lab-ID": "jBi4Imx6zy",
              "Name": "user-jBi4Imx6zy"
            },
            "tags_all": {
              "Description": "Guardicore Orchestrator User",
              "Lab-ID": "jBi4Imx6zy",
              "Name": "user-jBi4Imx6zy"
            },
            "unique_id": "AIDAUJOYV443XO22V3WM7"
          },
          "sensitive_attributes": [],
          "private": "bnVsbA==",
          "dependencies": [
            "random_string.lab_id"
          ]
        }
      ]
    },
    {
      "mode": "managed",
      "type": "aws_iam_user_policy_attachment",
      "name": "orch_policy",
      "provider": "provider[\"registry.terraform.io/hashicorp/aws\"]",
      "instances": [
        {
          "schema_version": 0,
          "attributes": {
            "id": "user-jBi4Imx6zy-20210802125109710100000002",
            "policy_arn": "arn:aws:iam::295196550967:policy/pol-jBi4Imx6zy",
            "user": "user-jBi4Imx6zy"
          },
          "sensitive_attributes": [],
          "private": "bnVsbA==",
          "dependencies": [
            "aws_cloudwatch_log_group.vpc_flows",
            "aws_iam_policy.orch_policy",
            "aws_iam_user.orch_user",
            "data.aws_iam_policy_document.orch_policy",
            "random_string.lab_id"
          ]
        }
      ]
    },
    {
      "mode": "managed",
      "type": "aws_key_pair",
      "name": "kp",
      "provider": "provider[\"registry.terraform.io/hashicorp/aws\"]",
      "instances": [
        {
          "schema_version": 1,
          "attributes": {
            "arn": "arn:aws:ec2:us-east-1:295196550967:key-pair/labkey-jBi4Imx6zy",
            "fingerprint": "42:9a:72:35:06:47:76:b1:5d:85:cf:3e:23:69:69:7c",
            "id": "labkey-jBi4Imx6zy",
            "key_name": "labkey-jBi4Imx6zy",
            "key_name_prefix": null,
            "key_pair_id": "key-09b860446a307ad62",
            "public_key": "ssh-rsa AAAAB3NzaC1yc2EAAAADAQABAAABAQDflEjtlmx58VoJQxEVXdo4L02dJWs+xKPn/x1DSX86IfsTZln0Y39NlhOVnebwDq9Z7AnCVqJkys3YuCNvP4G2UDBiCQKnen60ZG7QM3+Fyz2Pp16NIeY0u5LXg8ffCIbamrVYwSLK7mMnYXnOds0WwmV4hE4+qkpC6i3+eRVrT4oA90uZFDYj3t9lC5mafBgH0mJv2vZk3RvUr0zHxiZpmdWP5YtiOuOGjm9ljuo34L6MwtYbV+jOAp654mHOFfn6ERJZfy0Y3V+7oul2W1ed/wfGEiz5P4Fa2vEvk+FvlhiUaqVmH2v8yY+aTGeAJBZawI+CUOrpf5jNuAsOmyZp fede@Fedes-MacBook-Pro.local",
            "tags": {},
            "tags_all": {}
          },
          "sensitive_attributes": [],
          "private": "eyJzY2hlbWFfdmVyc2lvbiI6IjEifQ==",
          "dependencies": [
            "random_string.lab_id"
          ],
          "create_before_destroy": true
        }
      ]
    },
    {
      "mode": "managed",
      "type": "aws_launch_configuration",
      "name": "lc_wp",
      "provider": "provider[\"registry.terraform.io/hashicorp/aws\"]",
      "instances": [
        {
          "schema_version": 0,
          "attributes": {
            "arn": "arn:aws:autoscaling:us-east-1:295196550967:launchConfiguration:04d06d3e-a6e5-4657-b8e2-cec8ccea36be:launchConfigurationName/ltjBi4Imx6zy20210802130542275600000006",
            "associate_public_ip_address": false,
            "ebs_block_device": [],
            "ebs_optimized": false,
            "enable_monitoring": true,
            "ephemeral_block_device": [],
            "iam_instance_profile": "",
            "id": "ltjBi4Imx6zy20210802130542275600000006",
            "image_id": "ami-0be4740dcfbebb3ee",
            "instance_type": "t3.nano",
            "key_name": "labkey-jBi4Imx6zy",
            "metadata_options": [],
            "name": "ltjBi4Imx6zy20210802130542275600000006",
            "name_prefix": "ltjBi4Imx6zy",
            "placement_tenancy": null,
            "root_block_device": [],
            "security_groups": [
              "sg-0f23e655284b35167"
            ],
            "spot_price": "",
            "user_data": "391627b1a3b26a398e45562f8661e222d428e98b",
            "user_data_base64": null,
            "vpc_classic_link_id": "",
            "vpc_classic_link_security_groups": []
          },
          "sensitive_attributes": [],
          "private": "bnVsbA==",
          "dependencies": [
            "aws_db_instance.db",
            "aws_db_subnet_group.sg",
            "aws_key_pair.kp",
            "aws_lb.web",
            "aws_security_group.db",
            "aws_security_group.lb",
            "aws_security_group.web_server",
            "data.aws_ami.wp_ami",
            "data.aws_availability_zones.available",
            "module.vpc.aws_subnet.private",
            "module.vpc.aws_subnet.public",
            "module.vpc.aws_vpc.this",
            "module.vpc.aws_vpc_ipv4_cidr_block_association.this",
            "random_string.lab_id"
          ],
          "create_before_destroy": true
        }
      ]
    },
    {
      "mode": "managed",
      "type": "aws_lb",
      "name": "web",
      "provider": "provider[\"registry.terraform.io/hashicorp/aws\"]",
      "instances": [
        {
          "schema_version": 0,
          "attributes": {
            "access_logs": [
              {
                "bucket": "",
                "enabled": false,
                "prefix": ""
              }
            ],
            "arn": "arn:aws:elasticloadbalancing:us-east-1:295196550967:loadbalancer/app/albjBi4Imx6zy/18def54430553d7c",
            "arn_suffix": "app/albjBi4Imx6zy/18def54430553d7c",
            "customer_owned_ipv4_pool": "",
            "dns_name": "albjBi4Imx6zy-148890005.us-east-1.elb.amazonaws.com",
            "drop_invalid_header_fields": false,
            "enable_cross_zone_load_balancing": null,
            "enable_deletion_protection": false,
            "enable_http2": true,
            "id": "arn:aws:elasticloadbalancing:us-east-1:295196550967:loadbalancer/app/albjBi4Imx6zy/18def54430553d7c",
            "idle_timeout": 60,
            "internal": false,
            "ip_address_type": "ipv4",
            "load_balancer_type": "application",
            "name": "albjBi4Imx6zy",
            "name_prefix": null,
            "security_groups": [
              "sg-00b710dfa5a5bd61c"
            ],
            "subnet_mapping": [
              {
                "allocation_id": "",
                "ipv6_address": "",
                "outpost_id": "",
                "private_ipv4_address": "",
                "subnet_id": "subnet-0522bf410ee81d3c9"
              },
              {
                "allocation_id": "",
                "ipv6_address": "",
                "outpost_id": "",
                "private_ipv4_address": "",
                "subnet_id": "subnet-0de894131baf195dc"
              }
            ],
            "subnets": [
              "subnet-0522bf410ee81d3c9",
              "subnet-0de894131baf195dc"
            ],
            "tags": {
              "Lab-ID": "jBi4Imx6zy",
              "Name": "albjBi4Imx6zy"
            },
            "tags_all": {
              "Lab-ID": "jBi4Imx6zy",
              "Name": "albjBi4Imx6zy"
            },
            "timeouts": null,
            "vpc_id": "vpc-0d342a299d04f5dd4",
            "zone_id": "Z35SXDOTRQ7X7K"
          },
          "sensitive_attributes": [],
          "private": "eyJlMmJmYjczMC1lY2FhLTExZTYtOGY4OC0zNDM2M2JjN2M0YzAiOnsiY3JlYXRlIjo2MDAwMDAwMDAwMDAsImRlbGV0ZSI6NjAwMDAwMDAwMDAwLCJ1cGRhdGUiOjYwMDAwMDAwMDAwMH19",
          "dependencies": [
            "aws_security_group.lb",
            "aws_security_group.web_server",
            "data.aws_availability_zones.available",
            "module.vpc.aws_subnet.public",
            "module.vpc.aws_vpc.this",
            "module.vpc.aws_vpc_ipv4_cidr_block_association.this",
            "random_string.lab_id"
          ],
          "create_before_destroy": true
        }
      ]
    },
    {
      "mode": "managed",
      "type": "aws_lb_listener",
      "name": "listener",
      "provider": "provider[\"registry.terraform.io/hashicorp/aws\"]",
      "instances": [
        {
          "schema_version": 0,
          "attributes": {
            "alpn_policy": null,
            "arn": "arn:aws:elasticloadbalancing:us-east-1:295196550967:listener/app/albjBi4Imx6zy/18def54430553d7c/68ee9e0764517701",
            "certificate_arn": null,
            "default_action": [
              {
                "authenticate_cognito": [],
                "authenticate_oidc": [],
                "fixed_response": [],
                "forward": [],
                "order": 1,
                "redirect": [],
                "target_group_arn": "arn:aws:elasticloadbalancing:us-east-1:295196550967:targetgroup/tgjBi4Imx6zy/1071e309ec648b30",
                "type": "forward"
              }
            ],
            "id": "arn:aws:elasticloadbalancing:us-east-1:295196550967:listener/app/albjBi4Imx6zy/18def54430553d7c/68ee9e0764517701",
            "load_balancer_arn": "arn:aws:elasticloadbalancing:us-east-1:295196550967:loadbalancer/app/albjBi4Imx6zy/18def54430553d7c",
            "port": 80,
            "protocol": "HTTP",
            "ssl_policy": "",
            "tags": {},
            "tags_all": {},
            "timeouts": null
          },
          "sensitive_attributes": [],
          "private": "eyJlMmJmYjczMC1lY2FhLTExZTYtOGY4OC0zNDM2M2JjN2M0YzAiOnsicmVhZCI6NjAwMDAwMDAwMDAwfX0=",
          "dependencies": [
            "aws_lb.web",
            "aws_lb_target_group.tg",
            "aws_security_group.lb",
            "aws_security_group.web_server",
            "data.aws_availability_zones.available",
            "module.vpc.aws_subnet.public",
            "module.vpc.aws_vpc.this",
            "module.vpc.aws_vpc_ipv4_cidr_block_association.this",
            "random_string.lab_id"
          ]
        }
      ]
    },
    {
      "mode": "managed",
      "type": "aws_lb_target_group",
      "name": "tg",
      "provider": "provider[\"registry.terraform.io/hashicorp/aws\"]",
      "instances": [
        {
          "schema_version": 0,
          "attributes": {
            "arn": "arn:aws:elasticloadbalancing:us-east-1:295196550967:targetgroup/tgjBi4Imx6zy/1071e309ec648b30",
            "arn_suffix": "targetgroup/tgjBi4Imx6zy/1071e309ec648b30",
            "deregistration_delay": 300,
            "health_check": [
              {
                "enabled": true,
                "healthy_threshold": 5,
                "interval": 30,
                "matcher": "200",
                "path": "/",
                "port": "traffic-port",
                "protocol": "HTTP",
                "timeout": 5,
                "unhealthy_threshold": 2
              }
            ],
            "id": "arn:aws:elasticloadbalancing:us-east-1:295196550967:targetgroup/tgjBi4Imx6zy/1071e309ec648b30",
            "lambda_multi_value_headers_enabled": false,
            "load_balancing_algorithm_type": "round_robin",
            "name": "tgjBi4Imx6zy",
            "name_prefix": null,
            "port": 80,
            "preserve_client_ip": null,
            "protocol": "HTTP",
            "protocol_version": "HTTP1",
            "proxy_protocol_v2": false,
            "slow_start": 0,
            "stickiness": [
              {
                "cookie_duration": 86400,
                "cookie_name": "",
                "enabled": true,
                "type": "lb_cookie"
              }
            ],
            "tags": {
              "LB": "albjBi4Imx6zy",
              "Lab-ID": "jBi4Imx6zy",
              "Name": "tgjBi4Imx6zy"
            },
            "tags_all": {
              "LB": "albjBi4Imx6zy",
              "Lab-ID": "jBi4Imx6zy",
              "Name": "tgjBi4Imx6zy"
            },
            "target_type": "instance",
            "vpc_id": "vpc-0d342a299d04f5dd4"
          },
          "sensitive_attributes": [],
          "private": "bnVsbA==",
          "dependencies": [
            "module.vpc.aws_vpc.this",
            "random_string.lab_id"
          ]
        }
      ]
    },
    {
      "mode": "managed",
      "type": "aws_security_group",
      "name": "db",
      "provider": "provider[\"registry.terraform.io/hashicorp/aws\"]",
      "instances": [
        {
          "schema_version": 1,
          "attributes": {
            "arn": "arn:aws:ec2:us-east-1:295196550967:security-group/sg-0e98560c659abee2b",
            "description": "Managed by Terraform",
            "egress": [],
            "id": "sg-0e98560c659abee2b",
            "ingress": [
              {
                "cidr_blocks": [],
                "description": "",
                "from_port": 3306,
                "ipv6_cidr_blocks": [],
                "prefix_list_ids": [],
                "protocol": "tcp",
                "security_groups": [
                  "sg-0f23e655284b35167"
                ],
                "self": false,
                "to_port": 3306
              }
            ],
            "name": "DB-jBi4Imx6zy20210802125131222800000004",
            "name_prefix": "DB-jBi4Imx6zy",
            "owner_id": "295196550967",
            "revoke_rules_on_delete": false,
            "tags": {
              "Lab-ID": "jBi4Imx6zy",
              "Name": "DB"
            },
            "tags_all": {
              "Lab-ID": "jBi4Imx6zy",
              "Name": "DB"
            },
            "timeouts": null,
            "vpc_id": "vpc-0d342a299d04f5dd4"
          },
          "sensitive_attributes": [],
          "private": "eyJlMmJmYjczMC1lY2FhLTExZTYtOGY4OC0zNDM2M2JjN2M0YzAiOnsiY3JlYXRlIjo2MDAwMDAwMDAwMDAsImRlbGV0ZSI6OTAwMDAwMDAwMDAwfSwic2NoZW1hX3ZlcnNpb24iOiIxIn0=",
          "dependencies": [
            "aws_security_group.web_server",
            "module.vpc.aws_vpc.this",
            "random_string.lab_id"
          ],
          "create_before_destroy": true
        }
      ]
    },
    {
      "mode": "managed",
      "type": "aws_security_group",
      "name": "lb",
      "provider": "provider[\"registry.terraform.io/hashicorp/aws\"]",
      "instances": [
        {
          "schema_version": 1,
          "attributes": {
            "arn": "arn:aws:ec2:us-east-1:295196550967:security-group/sg-00b710dfa5a5bd61c",
            "description": "Managed by Terraform",
            "egress": [
              {
                "cidr_blocks": [],
                "description": "",
                "from_port": 80,
                "ipv6_cidr_blocks": [],
                "prefix_list_ids": [],
                "protocol": "tcp",
                "security_groups": [
                  "sg-0f23e655284b35167"
                ],
                "self": false,
                "to_port": 80
              }
            ],
            "id": "sg-00b710dfa5a5bd61c",
            "ingress": [
              {
                "cidr_blocks": [
                  "0.0.0.0/0"
                ],
                "description": "",
                "from_port": 80,
                "ipv6_cidr_blocks": [],
                "prefix_list_ids": [],
                "protocol": "tcp",
                "security_groups": [],
                "self": false,
                "to_port": 80
              }
            ],
            "name": "LB-jBi4Imx6zy20210802125131223300000005",
            "name_prefix": "LB-jBi4Imx6zy",
            "owner_id": "295196550967",
            "revoke_rules_on_delete": false,
            "tags": {
              "Lab-ID": "jBi4Imx6zy",
              "Name": "DB"
            },
            "tags_all": {
              "Lab-ID": "jBi4Imx6zy",
              "Name": "DB"
            },
            "timeouts": null,
            "vpc_id": "vpc-0d342a299d04f5dd4"
          },
          "sensitive_attributes": [],
          "private": "eyJlMmJmYjczMC1lY2FhLTExZTYtOGY4OC0zNDM2M2JjN2M0YzAiOnsiY3JlYXRlIjo2MDAwMDAwMDAwMDAsImRlbGV0ZSI6OTAwMDAwMDAwMDAwfSwic2NoZW1hX3ZlcnNpb24iOiIxIn0=",
          "dependencies": [
            "aws_security_group.web_server",
            "module.vpc.aws_vpc.this",
            "random_string.lab_id"
          ],
          "create_before_destroy": true
        }
      ]
    },
    {
      "mode": "managed",
      "type": "aws_security_group",
      "name": "web_server",
      "provider": "provider[\"registry.terraform.io/hashicorp/aws\"]",
      "instances": [
        {
          "schema_version": 1,
          "attributes": {
            "arn": "arn:aws:ec2:us-east-1:295196550967:security-group/sg-0f23e655284b35167",
            "description": "Managed by Terraform",
            "egress": [
              {
                "cidr_blocks": [
                  "0.0.0.0/0"
                ],
                "description": "",
                "from_port": 0,
                "ipv6_cidr_blocks": [],
                "prefix_list_ids": [],
                "protocol": "-1",
                "security_groups": [],
                "self": false,
                "to_port": 0
              }
            ],
            "id": "sg-0f23e655284b35167",
            "ingress": [
              {
                "cidr_blocks": [
                  "0.0.0.0/0"
                ],
                "description": "",
                "from_port": 22,
                "ipv6_cidr_blocks": [],
                "prefix_list_ids": [],
                "protocol": "tcp",
                "security_groups": [],
                "self": false,
                "to_port": 22
              },
              {
                "cidr_blocks": [
                  "10.0.0.0/8"
                ],
                "description": "",
                "from_port": 80,
                "ipv6_cidr_blocks": [],
                "prefix_list_ids": [],
                "protocol": "tcp",
                "security_groups": [],
                "self": false,
                "to_port": 80
              }
            ],
            "name": "web-jBi4Imx6zy20210802125124337400000003",
            "name_prefix": "web-jBi4Imx6zy",
            "owner_id": "295196550967",
            "revoke_rules_on_delete": false,
            "tags": {
              "Lab-ID": "jBi4Imx6zy",
              "Name": "Web server"
            },
            "tags_all": {
              "Lab-ID": "jBi4Imx6zy",
              "Name": "Web server"
            },
            "timeouts": null,
            "vpc_id": "vpc-0d342a299d04f5dd4"
          },
          "sensitive_attributes": [],
          "private": "eyJlMmJmYjczMC1lY2FhLTExZTYtOGY4OC0zNDM2M2JjN2M0YzAiOnsiY3JlYXRlIjo2MDAwMDAwMDAwMDAsImRlbGV0ZSI6OTAwMDAwMDAwMDAwfSwic2NoZW1hX3ZlcnNpb24iOiIxIn0=",
          "dependencies": [
            "module.vpc.aws_vpc.this",
            "random_string.lab_id"
          ],
          "create_before_destroy": true
        }
      ]
    },
    {
      "mode": "managed",
      "type": "local_file",
      "name": "aws_coll_env_file",
      "provider": "provider[\"registry.terraform.io/hashicorp/local\"]",
      "instances": [
        {
          "schema_version": 0,
          "attributes": {
            "content": "# GC_API_SERVER: Centra IP/URL Address. Used to push the connections.\nGC_API_SERVER=\n# GC_API_USER: Centra Management API user.\nGC_API_USER=\n# GC_API_PASSWORD: Centra Management API password.\nGC_API_PASSWORD= \n# AWS_DEFAULT_REGION: AWS regios where the VPC is. \nAWS_DEFAULT_REGION=us-east-1\n# AWS_VPC_LOG_GROUP_NAME: Name of the loggroup were the VPC flowas are stored.\nAWS_VPC_LOG_GROUP_NAME=flows-jBi4Imx6zy \n# AWS_ACCESS_KEY_ID: AWS Access Key ID required to access the VPC Logs. See AWS IAM User definition.\nAWS_ACCESS_KEY_ID=AKIAUJOYV4432FV227PZ\n# AWS_SECRET_ACCESS_KEY: AWS Secret Access Key required to access the VPC Logs.\nAWS_SECRET_ACCESS_KEY=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\n# AWS_SESSION_TOKEN: (Optional) Session token in case that you are using STS roles. This is a temporary token, so used only for short time demos. For long time run, create a user with a permanent permissions. \n# AWS_SESSION_TOKEN\n\n# Optional variables: \n# REFRESH_RATE: Seconds between each VPC collection run. The program try to adjust the sleep time between run based on the time consumed and this value. Default: 60 seconds\n# REFRESH_RATE=60\n# FLOW_BACKWARD_IMPORT: How much time to go back in time to collect past flows. Default 24hs.\n# FLOW_BACKWARD_IMPORT=86400\n",
            "content_base64": null,
            "directory_permission": "0777",
            "file_permission": "0777",
            "filename": "./output/aws-flow-collector/.env",
            "id": "7adff007824963766f729ec03f3ddc4c1c9a06df",
            "sensitive_content": null,
            "source": null
          },
          "sensitive_attributes": [],
          "private": "bnVsbA==",
          "dependencies": [
            "aws_cloudwatch_log_group.vpc_flows",
            "aws_iam_access_key.orch_user",
            "aws_iam_user.orch_user",
            "random_string.lab_id"
          ]
        }
      ]
    },
    {
      "mode": "managed",
      "type": "local_file",
      "name": "aws_orch_env_file",
      "provider": "provider[\"registry.terraform.io/hashicorp/local\"]",
      "instances": [
        {
          "schema_version": 0,
          "attributes": {
            "content": "AWS_DEFAULT_REGION=us-east-1\n# GC_INVENTORY_API_SERVER: Aggregator IP/URL Address with the Inventory API confgured. Used to push the assets.\nGC_INVENTORY_API_SERVER=\n# GC_INVENTORY_API_USER: Centra Inventory API user. \nGC_INVENTORY_API_USER=\n# GC_INVENTORY_API_PASSWORD: Centra Inventory API password.\nGC_INVENTORY_API_PASSWORD=\n# GC_INVENTORY_API_TOKEN: Centra Inventory API token. \n# GC_INVENTORY_API_TOKEN=\n\n# AWS_ACCESS_KEY_ID: AWS Access Key ID required to access the VPC Logs. See AWS IAM User definition.\nAWS_ACCESS_KEY_ID=AKIAUJOYV4432FV227PZ\n# AWS_SECRET_ACCESS_KEY: AWS Secret Access Key required to access the VPC Logs.\nAWS_SECRET_ACCESS_KEY=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\n\nOptional variables: \n# REFRESH_RATE: Seconds between each VPC collection run. The program try to adjust the sleep time between \n#               run based on the time consumed and this value. Default: 300 seconds\nREFRESH_RATE=300\n# ENABLED_COLLECTORS: Collector to run. There is one collector per asset type. \n#                     Can add more than one in a comma separated list. Default \"*\".\n#                     Avalable options are: AWS_RDS,AWS_EFS,AWS_ECS,AWS_LAMBDA,AWS_ELB\nENABLED_COLLECTORS=AWS_RDS,AWS_ELB\n",
            "content_base64": null,
            "directory_permission": "0777",
            "file_permission": "0777",
            "filename": "./output/aws-ext-orch/.env",
            "id": "696d7b25652b03f110a78ce7768f8553ba0e25f1",
            "sensitive_content": null,
            "source": null
          },
          "sensitive_attributes": [],
          "private": "bnVsbA==",
          "dependencies": [
            "aws_iam_access_key.orch_user",
            "aws_iam_user.orch_user",
            "random_string.lab_id"
          ]
        }
      ]
    },
    {
      "mode": "managed",
      "type": "random_string",
      "name": "lab_id",
      "provider": "provider[\"registry.terraform.io/hashicorp/random\"]",
      "instances": [
        {
          "schema_version": 1,
          "attributes": {
            "id": "jBi4Imx6zy",
            "keepers": null,
            "length": 10,
            "lower": true,
            "min_lower": 0,
            "min_numeric": 0,
            "min_special": 0,
            "min_upper": 0,
            "number": true,
            "override_special": null,
            "result": "jBi4Imx6zy",
            "special": false,
            "upper": true
          },
          "sensitive_attributes": [],
          "private": "eyJzY2hlbWFfdmVyc2lvbiI6IjEifQ==",
          "create_before_destroy": true
        }
      ]
    },
    {
      "module": "module.vpc",
      "mode": "managed",
      "type": "aws_internet_gateway",
      "name": "this",
      "provider": "provider[\"registry.terraform.io/hashicorp/aws\"]",
      "instances": [
        {
          "index_key": 0,
          "schema_version": 0,
          "attributes": {
            "arn": "arn:aws:ec2:us-east-1:295196550967:internet-gateway/igw-01c74a9c2e1fa8bb2",
            "id": "igw-01c74a9c2e1fa8bb2",
            "owner_id": "295196550967",
            "tags": {
              "Name": "aws-flow-demo-vpc"
            },
            "tags_all": {
              "Name": "aws-flow-demo-vpc"
            },
            "vpc_id": "vpc-0d342a299d04f5dd4"
          },
          "sensitive_attributes": [],
          "private": "bnVsbA==",
          "dependencies": [
            "module.vpc.aws_vpc.this",
            "module.vpc.aws_vpc_ipv4_cidr_block_association.this"
          ]
        }
      ]
    },
    {
      "module": "module.vpc",
      "mode": "managed",
      "type": "aws_route",
      "name": "public_internet_gateway",
      "provider": "provider[\"registry.terraform.io/hashicorp/aws\"]",
      "instances": [
        {
          "index_key": 0,
          "schema_version": 0,
          "attributes": {
            "carrier_gateway_id": "",
            "destination_cidr_block": "0.0.0.0/0",
            "destination_ipv6_cidr_block": "",
            "destination_prefix_list_id": "",
            "egress_only_gateway_id": "",
            "gateway_id": "igw-01c74a9c2e1fa8bb2",
            "id": "r-rtb-0378ac797fb8ad06c1080289494",
            "instance_id": "",
            "instance_owner_id": "",
            "local_gateway_id": "",
            "nat_gateway_id": "",
            "network_interface_id": "",
            "origin": "CreateRoute",
            "route_table_id": "rtb-0378ac797fb8ad06c",
            "state": "active",
            "timeouts": {
              "create": "5m",
              "delete": null
            },
            "transit_gateway_id": "",
            "vpc_endpoint_id": "",
            "vpc_peering_connection_id": ""
          },
          "sensitive_attributes": [],
          "private": "eyJlMmJmYjczMC1lY2FhLTExZTYtOGY4OC0zNDM2M2JjN2M0YzAiOnsiY3JlYXRlIjozMDAwMDAwMDAwMDAsImRlbGV0ZSI6MzAwMDAwMDAwMDAwfX0=",
          "dependencies": [
            "module.vpc.aws_internet_gateway.this",
            "module.vpc.aws_route_table.public",
            "module.vpc.aws_vpc.this",
            "module.vpc.aws_vpc_ipv4_cidr_block_association.this"
          ]
        }
      ]
    },
    {
      "module": "module.vpc",
      "mode": "managed",
      "type": "aws_route_table",
      "name": "private",
      "provider": "provider[\"registry.terraform.io/hashicorp/aws\"]",
      "instances": [
        {
          "index_key": 0,
          "schema_version": 0,
          "attributes": {
            "arn": "arn:aws:ec2:us-east-1:295196550967:route-table/rtb-028412bd97cd27cf3",
            "id": "rtb-028412bd97cd27cf3",
            "owner_id": "295196550967",
            "propagating_vgws": [],
            "route": [],
            "tags": {
              "Name": "aws-flow-demo-vpc"
            },
            "tags_all": {
              "Name": "aws-flow-demo-vpc"
            },
            "vpc_id": "vpc-0d342a299d04f5dd4"
          },
          "sensitive_attributes": [],
          "private": "bnVsbA==",
          "dependencies": [
            "data.aws_availability_zones.available",
            "module.vpc.aws_vpc.this",
            "module.vpc.aws_vpc_ipv4_cidr_block_association.this"
          ]
        },
        {
          "index_key": 1,
          "schema_version": 0,
          "attributes": {
            "arn": "arn:aws:ec2:us-east-1:295196550967:route-table/rtb-0d8ef8c3ddec8cede",
            "id": "rtb-0d8ef8c3ddec8cede",
            "owner_id": "295196550967",
            "propagating_vgws": [],
            "route": [],
            "tags": {
              "Name": "aws-flow-demo-vpc"
            },
            "tags_all": {
              "Name": "aws-flow-demo-vpc"
            },
            "vpc_id": "vpc-0d342a299d04f5dd4"
          },
          "sensitive_attributes": [],
          "private": "bnVsbA==",
          "dependencies": [
            "data.aws_availability_zones.available",
            "module.vpc.aws_vpc.this",
            "module.vpc.aws_vpc_ipv4_cidr_block_association.this"
          ]
        }
      ]
    },
    {
      "module": "module.vpc",
      "mode": "managed",
      "type": "aws_route_table",
      "name": "public",
      "provider": "provider[\"registry.terraform.io/hashicorp/aws\"]",
      "instances": [
        {
          "index_key": 0,
          "schema_version": 0,
          "attributes": {
            "arn": "arn:aws:ec2:us-east-1:295196550967:route-table/rtb-0378ac797fb8ad06c",
            "id": "rtb-0378ac797fb8ad06c",
            "owner_id": "295196550967",
            "propagating_vgws": [],
            "route": [
              {
                "carrier_gateway_id": "",
                "cidr_block": "0.0.0.0/0",
                "destination_prefix_list_id": "",
                "egress_only_gateway_id": "",
                "gateway_id": "igw-01c74a9c2e1fa8bb2",
                "instance_id": "",
                "ipv6_cidr_block": "",
                "local_gateway_id": "",
                "nat_gateway_id": "",
                "network_interface_id": "",
                "transit_gateway_id": "",
                "vpc_endpoint_id": "",
                "vpc_peering_connection_id": ""
              }
            ],
            "tags": {
              "Name": "aws-flow-demo-vpc"
            },
            "tags_all": {
              "Name": "aws-flow-demo-vpc"
            },
            "vpc_id": "vpc-0d342a299d04f5dd4"
          },
          "sensitive_attributes": [],
          "private": "bnVsbA==",
          "dependencies": [
            "module.vpc.aws_vpc.this",
            "module.vpc.aws_vpc_ipv4_cidr_block_association.this"
          ]
        }
      ]
    },
    {
      "module": "module.vpc",
      "mode": "managed",
      "type": "aws_route_table_association",
      "name": "private",
      "provider": "provider[\"registry.terraform.io/hashicorp/aws\"]",
      "instances": [
        {
          "index_key": 0,
          "schema_version": 0,
          "attributes": {
            "gateway_id": "",
            "id": "rtbassoc-03ec2f9e99364ec0d",
            "route_table_id": "rtb-028412bd97cd27cf3",
            "subnet_id": "subnet-0b85a1d31788fa19c"
          },
          "sensitive_attributes": [],
          "private": "bnVsbA==",
          "dependencies": [
            "data.aws_availability_zones.available",
            "module.vpc.aws_route_table.private",
            "module.vpc.aws_subnet.private",
            "module.vpc.aws_vpc.this",
            "module.vpc.aws_vpc_ipv4_cidr_block_association.this"
          ]
        },
        {
          "index_key": 1,
          "schema_version": 0,
          "attributes": {
            "gateway_id": "",
            "id": "rtbassoc-01655b9dacbdc3b3d",
            "route_table_id": "rtb-0d8ef8c3ddec8cede",
            "subnet_id": "subnet-09950037b157f82c1"
          },
          "sensitive_attributes": [],
          "private": "bnVsbA==",
          "dependencies": [
            "data.aws_availability_zones.available",
            "module.vpc.aws_route_table.private",
            "module.vpc.aws_subnet.private",
            "module.vpc.aws_vpc.this",
            "module.vpc.aws_vpc_ipv4_cidr_block_association.this"
          ]
        }
      ]
    },
    {
      "module": "module.vpc",
      "mode": "managed",
      "type": "aws_route_table_association",
      "name": "public",
      "provider": "provider[\"registry.terraform.io/hashicorp/aws\"]",
      "instances": [
        {
          "index_key": 0,
          "schema_version": 0,
          "attributes": {
            "gateway_id": "",
            "id": "rtbassoc-0453ee3768d70c12f",
            "route_table_id": "rtb-0378ac797fb8ad06c",
            "subnet_id": "subnet-0522bf410ee81d3c9"
          },
          "sensitive_attributes": [],
          "private": "bnVsbA==",
          "dependencies": [
            "data.aws_availability_zones.available",
            "module.vpc.aws_route_table.public",
            "module.vpc.aws_subnet.public",
            "module.vpc.aws_vpc.this",
            "module.vpc.aws_vpc_ipv4_cidr_block_association.this"
          ]
        },
        {
          "index_key": 1,
          "schema_version": 0,
          "attributes": {
            "gateway_id": "",
            "id": "rtbassoc-0344dbedb8a668e63",
            "route_table_id": "rtb-0378ac797fb8ad06c",
            "subnet_id": "subnet-0de894131baf195dc"
          },
          "sensitive_attributes": [],
          "private": "bnVsbA==",
          "dependencies": [
            "data.aws_availability_zones.available",
            "module.vpc.aws_route_table.public",
            "module.vpc.aws_subnet.public",
            "module.vpc.aws_vpc.this",
            "module.vpc.aws_vpc_ipv4_cidr_block_association.this"
          ]
        }
      ]
    },
    {
      "module": "module.vpc",
      "mode": "managed",
      "type": "aws_subnet",
      "name": "private",
      "provider": "provider[\"registry.terraform.io/hashicorp/aws\"]",
      "instances": [
        {
          "index_key": 0,
          "schema_version": 1,
          "attributes": {
            "arn": "arn:aws:ec2:us-east-1:295196550967:subnet/subnet-0b85a1d31788fa19c",
            "assign_ipv6_address_on_creation": false,
            "availability_zone": "us-east-1a",
            "availability_zone_id": "use1-az6",
            "cidr_block": "10.0.1.0/24",
            "customer_owned_ipv4_pool": "",
            "id": "subnet-0b85a1d31788fa19c",
            "ipv6_cidr_block": "",
            "ipv6_cidr_block_association_id": "",
            "map_customer_owned_ip_on_launch": false,
            "map_public_ip_on_launch": false,
            "outpost_arn": "",
            "owner_id": "295196550967",
            "tags": {
              "Name": "aws-flow-demo-vpc",
              "rds.endpoint": "1"
            },
            "tags_all": {
              "Name": "aws-flow-demo-vpc",
              "rds.endpoint": "1"
            },
            "timeouts": null,
            "vpc_id": "vpc-0d342a299d04f5dd4"
          },
          "sensitive_attributes": [],
          "private": "eyJlMmJmYjczMC1lY2FhLTExZTYtOGY4OC0zNDM2M2JjN2M0YzAiOnsiY3JlYXRlIjo2MDAwMDAwMDAwMDAsImRlbGV0ZSI6MTIwMDAwMDAwMDAwMH0sInNjaGVtYV92ZXJzaW9uIjoiMSJ9",
          "dependencies": [
            "data.aws_availability_zones.available",
            "module.vpc.aws_vpc.this",
            "module.vpc.aws_vpc_ipv4_cidr_block_association.this"
          ],
          "create_before_destroy": true
        },
        {
          "index_key": 1,
          "schema_version": 1,
          "attributes": {
            "arn": "arn:aws:ec2:us-east-1:295196550967:subnet/subnet-09950037b157f82c1",
            "assign_ipv6_address_on_creation": false,
            "availability_zone": "us-east-1b",
            "availability_zone_id": "use1-az1",
            "cidr_block": "10.0.2.0/24",
            "customer_owned_ipv4_pool": "",
            "id": "subnet-09950037b157f82c1",
            "ipv6_cidr_block": "",
            "ipv6_cidr_block_association_id": "",
            "map_customer_owned_ip_on_launch": false,
            "map_public_ip_on_launch": false,
            "outpost_arn": "",
            "owner_id": "295196550967",
            "tags": {
              "Name": "aws-flow-demo-vpc",
              "rds.endpoint": "1"
            },
            "tags_all": {
              "Name": "aws-flow-demo-vpc",
              "rds.endpoint": "1"
            },
            "timeouts": null,
            "vpc_id": "vpc-0d342a299d04f5dd4"
          },
          "sensitive_attributes": [],
          "private": "eyJlMmJmYjczMC1lY2FhLTExZTYtOGY4OC0zNDM2M2JjN2M0YzAiOnsiY3JlYXRlIjo2MDAwMDAwMDAwMDAsImRlbGV0ZSI6MTIwMDAwMDAwMDAwMH0sInNjaGVtYV92ZXJzaW9uIjoiMSJ9",
          "dependencies": [
            "data.aws_availability_zones.available",
            "module.vpc.aws_vpc.this",
            "module.vpc.aws_vpc_ipv4_cidr_block_association.this"
          ],
          "create_before_destroy": true
        }
      ]
    },
    {
      "module": "module.vpc",
      "mode": "managed",
      "type": "aws_subnet",
      "name": "public",
      "provider": "provider[\"registry.terraform.io/hashicorp/aws\"]",
      "instances": [
        {
          "index_key": 0,
          "schema_version": 1,
          "attributes": {
            "arn": "arn:aws:ec2:us-east-1:295196550967:subnet/subnet-0522bf410ee81d3c9",
            "assign_ipv6_address_on_creation": false,
            "availability_zone": "us-east-1a",
            "availability_zone_id": "use1-az6",
            "cidr_block": "10.0.4.0/24",
            "customer_owned_ipv4_pool": "",
            "id": "subnet-0522bf410ee81d3c9",
            "ipv6_cidr_block": "",
            "ipv6_cidr_block_association_id": "",
            "map_customer_owned_ip_on_launch": false,
            "map_public_ip_on_launch": true,
            "outpost_arn": "",
            "owner_id": "295196550967",
            "tags": {
              "Name": "aws-flow-demo-vpc",
              "web_server": "1"
            },
            "tags_all": {
              "Name": "aws-flow-demo-vpc",
              "web_server": "1"
            },
            "timeouts": null,
            "vpc_id": "vpc-0d342a299d04f5dd4"
          },
          "sensitive_attributes": [],
          "private": "eyJlMmJmYjczMC1lY2FhLTExZTYtOGY4OC0zNDM2M2JjN2M0YzAiOnsiY3JlYXRlIjo2MDAwMDAwMDAwMDAsImRlbGV0ZSI6MTIwMDAwMDAwMDAwMH0sInNjaGVtYV92ZXJzaW9uIjoiMSJ9",
          "dependencies": [
            "data.aws_availability_zones.available",
            "module.vpc.aws_vpc.this",
            "module.vpc.aws_vpc_ipv4_cidr_block_association.this"
          ],
          "create_before_destroy": true
        },
        {
          "index_key": 1,
          "schema_version": 1,
          "attributes": {
            "arn": "arn:aws:ec2:us-east-1:295196550967:subnet/subnet-0de894131baf195dc",
            "assign_ipv6_address_on_creation": false,
            "availability_zone": "us-east-1b",
            "availability_zone_id": "use1-az1",
            "cidr_block": "10.0.5.0/24",
            "customer_owned_ipv4_pool": "",
            "id": "subnet-0de894131baf195dc",
            "ipv6_cidr_block": "",
            "ipv6_cidr_block_association_id": "",
            "map_customer_owned_ip_on_launch": false,
            "map_public_ip_on_launch": true,
            "outpost_arn": "",
            "owner_id": "295196550967",
            "tags": {
              "Name": "aws-flow-demo-vpc",
              "web_server": "1"
            },
            "tags_all": {
              "Name": "aws-flow-demo-vpc",
              "web_server": "1"
            },
            "timeouts": null,
            "vpc_id": "vpc-0d342a299d04f5dd4"
          },
          "sensitive_attributes": [],
          "private": "eyJlMmJmYjczMC1lY2FhLTExZTYtOGY4OC0zNDM2M2JjN2M0YzAiOnsiY3JlYXRlIjo2MDAwMDAwMDAwMDAsImRlbGV0ZSI6MTIwMDAwMDAwMDAwMH0sInNjaGVtYV92ZXJzaW9uIjoiMSJ9",
          "dependencies": [
            "data.aws_availability_zones.available",
            "module.vpc.aws_vpc.this",
            "module.vpc.aws_vpc_ipv4_cidr_block_association.this"
          ],
          "create_before_destroy": true
        }
      ]
    },
    {
      "module": "module.vpc",
      "mode": "managed",
      "type": "aws_vpc",
      "name": "this",
      "provider": "provider[\"registry.terraform.io/hashicorp/aws\"]",
      "instances": [
        {
          "index_key": 0,
          "schema_version": 1,
          "attributes": {
            "arn": "arn:aws:ec2:us-east-1:295196550967:vpc/vpc-0d342a299d04f5dd4",
            "assign_generated_ipv6_cidr_block": false,
            "cidr_block": "10.0.0.0/16",
            "default_network_acl_id": "acl-0713bd3fe666b5ede",
            "default_route_table_id": "rtb-008faacd7e8a3d4f6",
            "default_security_group_id": "sg-01bd491433c7ae9d3",
            "dhcp_options_id": "dopt-1fe2c179",
            "enable_classiclink": false,
            "enable_classiclink_dns_support": false,
            "enable_dns_hostnames": true,
            "enable_dns_support": true,
            "id": "vpc-0d342a299d04f5dd4",
            "instance_tenancy": "default",
            "ipv6_association_id": "",
            "ipv6_cidr_block": "",
            "main_route_table_id": "rtb-008faacd7e8a3d4f6",
            "owner_id": "295196550967",
            "tags": {
              "Name": "aws-flow-demo-vpc"
            },
            "tags_all": {
              "Name": "aws-flow-demo-vpc"
            }
          },
          "sensitive_attributes": [],
          "private": "eyJzY2hlbWFfdmVyc2lvbiI6IjEifQ==",
          "create_before_destroy": true
        }
      ]
    }
  ]
}
